# This file was autogenerated by uv via the following command:
#    python scripts/lock_dependencies.py
ultralytics==8.4.72 \
    --hash=sha256:10befe077c8bb5b265c958a5181a905de5e592208e8ec6358f151c17d0b909e1 \
    --hash=sha256:b38e73a339ea256a69f41f14b4418cdcbdd6e45449ff9d2adac386406cf6cfbb
    # via -r requirements/stage1-ml-overlay.in
ultralytics-thop==2.0.20 \
    --hash=sha256:ef1b326404aeb10954f50db58982ec8dcab5946ee04a9b10e1107ec7ba4d5c22 \
    --hash=sha256:f3595e0d8c6fd0b9f62fc2cd9be921755e2649a05c34f1fabaea0bff7295d641
    # via -r requirements/stage1-ml-overlay.in
